
Microsoft Visual Studio Solution File, Format Version 12.00
# Visual Studio Version 17
VisualStudioVersion = 17.11.35327.3
MinimumVisualStudioVersion = 10.0.40219.1
Project("{FAE04EC0-301F-11D3-BF4B-00C04F79EFBC}") = "CatalogServiceApi", "CatalogServiceApi\CatalogServiceApi.csproj", "{F009FF82-1C96-424B-8F45-C09ADADF61E7}"
EndProject
Project("{FAE04EC0-301F-11D3-BF4B-00C04F79EFBC}") = "DataAccessLib", "DataAccessLib\DataAccessLib.csproj", "{0AB825E9-7BB9-47CB-9AAB-7EB83A7DE301}"
EndProject
Project("{FAE04EC0-301F-11D3-BF4B-00C04F79EFBC}") = "CatalogServiceApi.Tests", "CatalogServiceApi.Tests\CatalogServiceApi.Tests.csproj", "{05BE6300-6F59-4CD7-9D22-E24954B3CA3E}"
EndProject
Global
	GlobalSection(SolutionConfigurationPlatforms) = preSolution
		Debug|Any CPU = Debug|Any CPU
		Release|Any CPU = Release|Any CPU
	EndGlobalSection
	GlobalSection(ProjectConfigurationPlatforms) = postSolution
		{F009FF82-1C96-424B-8F45-C09ADADF61E7}.Debug|Any CPU.ActiveCfg = Debug|Any CPU
		{F009FF82-1C96-424B-8F45-C09ADADF61E7}.Debug|Any CPU.Build.0 = Debug|Any CPU
		{F009FF82-1C96-424B-8F45-C09ADADF61E7}.Release|Any CPU.ActiveCfg = Release|Any CPU
		{F009FF82-1C96-424B-8F45-C09ADADF61E7}.Release|Any CPU.Build.0 = Release|Any CPU
		{0AB825E9-7BB9-47CB-9AAB-7EB83A7DE301}.Debug|Any CPU.ActiveCfg = Debug|Any CPU
		{0AB825E9-7BB9-47CB-9AAB-7EB83A7DE301}.Debug|Any CPU.Build.0 = Debug|Any CPU
		{0AB825E9-7BB9-47CB-9AAB-7EB83A7DE301}.Release|Any CPU.ActiveCfg = Release|Any CPU
		{0AB825E9-7BB9-47CB-9AAB-7EB83A7DE301}.Release|Any CPU.Build.0 = Release|Any CPU
		{05BE6300-6F59-4CD7-9D22-E24954B3CA3E}.Debug|Any CPU.ActiveCfg = Debug|Any CPU
		{05BE6300-6F59-4CD7-9D22-E24954B3CA3E}.Debug|Any CPU.Build.0 = Debug|Any CPU
		{05BE6300-6F59-4CD7-9D22-E24954B3CA3E}.Release|Any CPU.ActiveCfg = Release|Any CPU
		{05BE6300-6F59-4CD7-9D22-E24954B3CA3E}.Release|Any CPU.Build.0 = Release|Any CPU
	EndGlobalSection
	GlobalSection(SolutionProperties) = preSolution
		HideSolutionNode = FALSE
	EndGlobalSection
	GlobalSection(ExtensibilityGlobals) = postSolution
		SolutionGuid = {00E825B3-C299-4800-BF3C-8908C0D95582}
	EndGlobalSection
EndGlobal
